{
  "requires": true,
  "lockfileVersion": 1,
  "dependencies": {
    "nipplejs": {
      "version": "0.6.8",
      "resolved": "https://registry.npmjs.org/nipplejs/-/nipplejs-0.6.8.tgz",
      "integrity": "sha512-/hqlKUhYwc603yWLFMifIp4rVrRULlBFN4IXjHOAiYBeSI1/QIJCniYo24WDIPL3wqrddHjFZNLEDqPivgLvvQ=="
    }
  }
}
